
Microsoft Visual Studio Solution File, Format Version 12.00
# Visual Studio Version 16
VisualStudioVersion = 16.0.30717.126
MinimumVisualStudioVersion = 10.0.40219.1
Project("{FAE04EC0-301F-11D3-BF4B-00C04F79EFBC}") = "Inlämningsuppgift1", "Inlämningsuppgift1\Inlämningsuppgift1.csproj", "{0E093CE1-3DEE-4508-8DD5-787D77A4BCC7}"
EndProject
Global
	GlobalSection(SolutionConfigurationPlatforms) = preSolution
		Debug|Any CPU = Debug|Any CPU
		Release|Any CPU = Release|Any CPU
	EndGlobalSection
	GlobalSection(ProjectConfigurationPlatforms) = postSolution
		{0E093CE1-3DEE-4508-8DD5-787D77A4BCC7}.Debug|Any CPU.ActiveCfg = Debug|Any CPU
		{0E093CE1-3DEE-4508-8DD5-787D77A4BCC7}.Debug|Any CPU.Build.0 = Debug|Any CPU
		{0E093CE1-3DEE-4508-8DD5-787D77A4BCC7}.Release|Any CPU.ActiveCfg = Release|Any CPU
		{0E093CE1-3DEE-4508-8DD5-787D77A4BCC7}.Release|Any CPU.Build.0 = Release|Any CPU
	EndGlobalSection
	GlobalSection(SolutionProperties) = preSolution
		HideSolutionNode = FALSE
	EndGlobalSection
	GlobalSection(ExtensibilityGlobals) = postSolution
		SolutionGuid = {B76C7B59-D133-42C7-BA0E-689FB02CB7E0}
	EndGlobalSection
EndGlobal
